
Microsoft Visual Studio Solution File, Format Version 12.00
# Visual Studio Version 17
VisualStudioVersion = 17.9.34714.143
MinimumVisualStudioVersion = 10.0.40219.1
Project("{9A19103F-16F7-4668-BE54-9A1E7A4F7556}") = "LinqSTG", "LinqSTG\LinqSTG.csproj", "{9B0D58A6-8689-4610-8EF6-1B8E6641DB9A}"
EndProject
Project("{9A19103F-16F7-4668-BE54-9A1E7A4F7556}") = "LinqSTG.Test", "LinqSTG.Test\LinqSTG.Test.csproj", "{3C86A494-3AB0-4B14-A80F-E454F493EA47}"
EndProject
Project("{FAE04EC0-301F-11D3-BF4B-00C04F79EFBC}") = "LinqSTG.Demo", "LinqSTG.Demo\LinqSTG.Demo.csproj", "{F59858D0-ACB4-48C4-84FD-24B00D95AE71}"
EndProject
Global
	GlobalSection(SolutionConfigurationPlatforms) = preSolution
		Debug|Any CPU = Debug|Any CPU
		Release|Any CPU = Release|Any CPU
	EndGlobalSection
	GlobalSection(ProjectConfigurationPlatforms) = postSolution
		{9B0D58A6-8689-4610-8EF6-1B8E6641DB9A}.Debug|Any CPU.ActiveCfg = Debug|Any CPU
		{9B0D58A6-8689-4610-8EF6-1B8E6641DB9A}.Debug|Any CPU.Build.0 = Debug|Any CPU
		{9B0D58A6-8689-4610-8EF6-1B8E6641DB9A}.Release|Any CPU.ActiveCfg = Release|Any CPU
		{9B0D58A6-8689-4610-8EF6-1B8E6641DB9A}.Release|Any CPU.Build.0 = Release|Any CPU
		{3C86A494-3AB0-4B14-A80F-E454F493EA47}.Debug|Any CPU.ActiveCfg = Debug|Any CPU
		{3C86A494-3AB0-4B14-A80F-E454F493EA47}.Debug|Any CPU.Build.0 = Debug|Any CPU
		{3C86A494-3AB0-4B14-A80F-E454F493EA47}.Release|Any CPU.ActiveCfg = Release|Any CPU
		{3C86A494-3AB0-4B14-A80F-E454F493EA47}.Release|Any CPU.Build.0 = Release|Any CPU
		{F59858D0-ACB4-48C4-84FD-24B00D95AE71}.Debug|Any CPU.ActiveCfg = Debug|Any CPU
		{F59858D0-ACB4-48C4-84FD-24B00D95AE71}.Debug|Any CPU.Build.0 = Debug|Any CPU
		{F59858D0-ACB4-48C4-84FD-24B00D95AE71}.Release|Any CPU.ActiveCfg = Release|Any CPU
		{F59858D0-ACB4-48C4-84FD-24B00D95AE71}.Release|Any CPU.Build.0 = Release|Any CPU
	EndGlobalSection
	GlobalSection(SolutionProperties) = preSolution
		HideSolutionNode = FALSE
	EndGlobalSection
	GlobalSection(ExtensibilityGlobals) = postSolution
		SolutionGuid = {169F81CC-FA0D-4319-BD90-E8B205840476}
	EndGlobalSection
EndGlobal
